
Microsoft Visual Studio Solution File, Format Version 12.00
# Visual Studio 2015
Project("{FAE04EC0-301F-11D3-BF4B-00C04F79EFBC}") = "ArtilleryGame.CSharp.Plugins", "ArtilleryGame.CSharp.Plugins.csproj", "{FA476322-B0DB-0967-A331-347C780792F8}"
EndProject
Project("{FAE04EC0-301F-11D3-BF4B-00C04F79EFBC}") = "ArtilleryGame.CSharp", "ArtilleryGame.CSharp.csproj", "{576FD61D-F0DB-8C07-63C0-9D441FF79AF6}"
EndProject
Project("{FAE04EC0-301F-11D3-BF4B-00C04F79EFBC}") = "ArtilleryGame.CSharp.Editor", "ArtilleryGame.CSharp.Editor.csproj", "{136BE2A7-1B28-AB7A-771D-CA5AB047A1C5}"
EndProject
Global
	GlobalSection(SolutionConfigurationPlatforms) = preSolution
		Debug|Any CPU = Debug|Any CPU
		Release|Any CPU = Release|Any CPU
	EndGlobalSection
	GlobalSection(ProjectConfigurationPlatforms) = postSolution
		{FA476322-B0DB-0967-A331-347C780792F8}.Debug|Any CPU.ActiveCfg = Debug|Any CPU
		{FA476322-B0DB-0967-A331-347C780792F8}.Debug|Any CPU.Build.0 = Debug|Any CPU
		{FA476322-B0DB-0967-A331-347C780792F8}.Release|Any CPU.ActiveCfg = Release|Any CPU
		{FA476322-B0DB-0967-A331-347C780792F8}.Release|Any CPU.Build.0 = Release|Any CPU
		{576FD61D-F0DB-8C07-63C0-9D441FF79AF6}.Debug|Any CPU.ActiveCfg = Debug|Any CPU
		{576FD61D-F0DB-8C07-63C0-9D441FF79AF6}.Debug|Any CPU.Build.0 = Debug|Any CPU
		{576FD61D-F0DB-8C07-63C0-9D441FF79AF6}.Release|Any CPU.ActiveCfg = Release|Any CPU
		{576FD61D-F0DB-8C07-63C0-9D441FF79AF6}.Release|Any CPU.Build.0 = Release|Any CPU
		{136BE2A7-1B28-AB7A-771D-CA5AB047A1C5}.Debug|Any CPU.ActiveCfg = Debug|Any CPU
		{136BE2A7-1B28-AB7A-771D-CA5AB047A1C5}.Debug|Any CPU.Build.0 = Debug|Any CPU
		{136BE2A7-1B28-AB7A-771D-CA5AB047A1C5}.Release|Any CPU.ActiveCfg = Release|Any CPU
		{136BE2A7-1B28-AB7A-771D-CA5AB047A1C5}.Release|Any CPU.Build.0 = Release|Any CPU
	EndGlobalSection
	GlobalSection(SolutionProperties) = preSolution
		HideSolutionNode = FALSE
	EndGlobalSection
EndGlobal
